// !$*UTF8*$!
{
	archiveVersion = 1;
	classes = {
	};
	objectVersion = 53;
	objects = {

/* Begin PBXBuildFile section */
		D370641929A8A56300CC0F7F /* NetworkManagerApp.swift in Sources */ = {isa = PBXBuildFile; fileRef = D370641829A8A56300CC0F7F /* NetworkManagerApp.swift */; };
		D370641B29A8A56300CC0F7F /* ContentView.swift in Sources */ = {isa = PBXBuildFile; fileRef = D370641A29A8A56300CC0F7F /* ContentView.swift */; };
		D370641D29A8A56500CC0F7F /* Assets.xcassets in Resources */ = {isa = PBXBuildFile; fileRef = D370641C29A8A56500CC0F7F /* Assets.xcassets */; };
		D370642029A8A56500CC0F7F /* Preview Assets.xcassets in Resources */ = {isa = PBXBuildFile; fileRef = D370641F29A8A56500CC0F7F /* Preview Assets.xcassets */; };
		D370642C29A8A59000CC0F7F /* JSONable.swift in Sources */ = {isa = PBXBuildFile; fileRef = D370642829A8A59000CC0F7F /* JSONable.swift */; };
		D370642D29A8A59000CC0F7F /* NetworkResponse.swift in Sources */ = {isa = PBXBuildFile; fileRef = D370642929A8A59000CC0F7F /* NetworkResponse.swift */; };
		D370642E29A8A59000CC0F7F /* NetworkManager.swift in Sources */ = {isa = PBXBuildFile; fileRef = D370642A29A8A59000CC0F7F /* NetworkManager.swift */; };
		D370642F29A8A59000CC0F7F /* NetworkError.swift in Sources */ = {isa = PBXBuildFile; fileRef = D370642B29A8A59000CC0F7F /* NetworkError.swift */; };
		D370643129A8A8C200CC0F7F /* ContentViewModel.swift in Sources */ = {isa = PBXBuildFile; fileRef = D370643029A8A8C200CC0F7F /* ContentViewModel.swift */; };
		D370643329A8A90C00CC0F7F /* HomeService.swift in Sources */ = {isa = PBXBuildFile; fileRef = D370643229A8A90C00CC0F7F /* HomeService.swift */; };
		D370643529A8A94700CC0F7F /* UserInfo.swift in Sources */ = {isa = PBXBuildFile; fileRef = D370643429A8A94700CC0F7F /* UserInfo.swift */; };
		FF7FA452C3587AED3782CEB2 /* Pods_NetworkManager.framework in Frameworks */ = {isa = PBXBuildFile; fileRef = 8415443364B387BA8C96BBB2 /* Pods_NetworkManager.framework */; };
/* End PBXBuildFile section */

/* Begin PBXFileReference section */
		01E968C92FF34C30F724B19E /* Pods-NetworkManager.release.xcconfig */ = {isa = PBXFileReference; includeInIndex = 1; lastKnownFileType = text.xcconfig; name = "Pods-NetworkManager.release.xcconfig"; path = "Target Support Files/Pods-NetworkManager/Pods-NetworkManager.release.xcconfig"; sourceTree = "<group>"; };
		8415443364B387BA8C96BBB2 /* Pods_NetworkManager.framework */ = {isa = PBXFileReference; explicitFileType = wrapper.framework; includeInIndex = 0; path = Pods_NetworkManager.framework; sourceTree = BUILT_PRODUCTS_DIR; };
		CD3600E9F008755EDA6D0B07 /* Pods-NetworkManager.debug.xcconfig */ = {isa = PBXFileReference; includeInIndex = 1; lastKnownFileType = text.xcconfig; name = "Pods-NetworkManager.debug.xcconfig"; path = "Target Support Files/Pods-NetworkManager/Pods-NetworkManager.debug.xcconfig"; sourceTree = "<group>"; };
		D370641529A8A56300CC0F7F /* NetworkManager.app */ = {isa = PBXFileReference; explicitFileType = wrapper.application; includeInIndex = 0; path = NetworkManager.app; sourceTree = BUILT_PRODUCTS_DIR; };
		D370641829A8A56300CC0F7F /* NetworkManagerApp.swift */ = {isa = PBXFileReference; lastKnownFileType = sourcecode.swift; path = NetworkManagerApp.swift; sourceTree = "<group>"; };
		D370641A29A8A56300CC0F7F /* ContentView.swift */ = {isa = PBXFileReference; lastKnownFileType = sourcecode.swift; path = ContentView.swift; sourceTree = "<group>"; };
		D370641C29A8A56500CC0F7F /* Assets.xcassets */ = {isa = PBXFileReference; lastKnownFileType = folder.assetcatalog; path = Assets.xcassets; sourceTree = "<group>"; };
		D370641F29A8A56500CC0F7F /* Preview Assets.xcassets */ = {isa = PBXFileReference; lastKnownFileType = folder.assetcatalog; path = "Preview Assets.xcassets"; sourceTree = "<group>"; };
		D370642829A8A59000CC0F7F /* JSONable.swift */ = {isa = PBXFileReference; fileEncoding = 4; lastKnownFileType = sourcecode.swift; path = JSONable.swift; sourceTree = "<group>"; };
		D370642929A8A59000CC0F7F /* NetworkResponse.swift */ = {isa = PBXFileReference; fileEncoding = 4; lastKnownFileType = sourcecode.swift; path = NetworkResponse.swift; sourceTree = "<group>"; };
		D370642A29A8A59000CC0F7F /* NetworkManager.swift */ = {isa = PBXFileReference; fileEncoding = 4; lastKnownFileType = sourcecode.swift; path = NetworkManager.swift; sourceTree = "<group>"; };
		D370642B29A8A59000CC0F7F /* NetworkError.swift */ = {isa = PBXFileReference; fileEncoding = 4; lastKnownFileType = sourcecode.swift; path = NetworkError.swift; sourceTree = "<group>"; };
		D370643029A8A8C200CC0F7F /* ContentViewModel.swift */ = {isa = PBXFileReference; lastKnownFileType = sourcecode.swift; path = ContentViewModel.swift; sourceTree = "<group>"; };
		D370643229A8A90C00CC0F7F /* HomeService.swift */ = {isa = PBXFileReference; lastKnownFileType = sourcecode.swift; path = HomeService.swift; sourceTree = "<group>"; };
		D370643429A8A94700CC0F7F /* UserInfo.swift */ = {isa = PBXFileReference; lastKnownFileType = sourcecode.swift; path = UserInfo.swift; sourceTree = "<group>"; };
/* End PBXFileReference section */

/* Begin PBXFrameworksBuildPhase section */
		D370641229A8A56300CC0F7F /* Frameworks */ = {
			isa = PBXFrameworksBuildPhase;
			buildActionMask = 2147483647;
			files = (
				FF7FA452C3587AED3782CEB2 /* Pods_NetworkManager.framework in Frameworks */,
			);
			runOnlyForDeploymentPostprocessing = 0;
		};
/* End PBXFrameworksBuildPhase section */

/* Begin PBXGroup section */
		32BC1FF1A86FD67F4D1BFFF0 /* Frameworks */ = {
			isa = PBXGroup;
			children = (
				8415443364B387BA8C96BBB2 /* Pods_NetworkManager.framework */,
			);
			name = Frameworks;
			sourceTree = "<group>";
		};
		CD9B85BC3FA2D96053D9D8B4 /* Pods */ = {
			isa = PBXGroup;
			children = (
				CD3600E9F008755EDA6D0B07 /* Pods-NetworkManager.debug.xcconfig */,
				01E968C92FF34C30F724B19E /* Pods-NetworkManager.release.xcconfig */,
			);
			path = Pods;
			sourceTree = "<group>";
		};
		D370640C29A8A56300CC0F7F = {
			isa = PBXGroup;
			children = (
				D370641729A8A56300CC0F7F /* NetworkManager */,
				D370641629A8A56300CC0F7F /* Products */,
				CD9B85BC3FA2D96053D9D8B4 /* Pods */,
				32BC1FF1A86FD67F4D1BFFF0 /* Frameworks */,
			);
			sourceTree = "<group>";
		};
		D370641629A8A56300CC0F7F /* Products */ = {
			isa = PBXGroup;
			children = (
				D370641529A8A56300CC0F7F /* NetworkManager.app */,
			);
			name = Products;
			sourceTree = "<group>";
		};
		D370641729A8A56300CC0F7F /* NetworkManager */ = {
			isa = PBXGroup;
			children = (
				D370641829A8A56300CC0F7F /* NetworkManagerApp.swift */,
				D370641A29A8A56300CC0F7F /* ContentView.swift */,
				D370643029A8A8C200CC0F7F /* ContentViewModel.swift */,
				D370643229A8A90C00CC0F7F /* HomeService.swift */,
				D370643429A8A94700CC0F7F /* UserInfo.swift */,
				D370642629A8A56C00CC0F7F /* Source */,
				D370641C29A8A56500CC0F7F /* Assets.xcassets */,
				D370641E29A8A56500CC0F7F /* Preview Content */,
			);
			path = NetworkManager;
			sourceTree = "<group>";
		};
		D370641E29A8A56500CC0F7F /* Preview Content */ = {
			isa = PBXGroup;
			children = (
				D370641F29A8A56500CC0F7F /* Preview Assets.xcassets */,
			);
			path = "Preview Content";
			sourceTree = "<group>";
		};
		D370642629A8A56C00CC0F7F /* Source */ = {
			isa = PBXGroup;
			children = (
				D370642729A8A59000CC0F7F /* NetworkManager */,
			);
			path = Source;
			sourceTree = "<group>";
		};
		D370642729A8A59000CC0F7F /* NetworkManager */ = {
			isa = PBXGroup;
			children = (
				D370642829A8A59000CC0F7F /* JSONable.swift */,
				D370642929A8A59000CC0F7F /* NetworkResponse.swift */,
				D370642A29A8A59000CC0F7F /* NetworkManager.swift */,
				D370642B29A8A59000CC0F7F /* NetworkError.swift */,
			);
			path = NetworkManager;
			sourceTree = "<group>";
		};
/* End PBXGroup section */

/* Begin PBXNativeTarget section */
		D370641429A8A56300CC0F7F /* NetworkManager */ = {
			isa = PBXNativeTarget;
			buildConfigurationList = D370642329A8A56500CC0F7F /* Build configuration list for PBXNativeTarget "NetworkManager" */;
			buildPhases = (
				8624FDF8ECFFAF8DCE5AFB64 /* [CP] Check Pods Manifest.lock */,
				D370641129A8A56300CC0F7F /* Sources */,
				D370641229A8A56300CC0F7F /* Frameworks */,
				D370641329A8A56300CC0F7F /* Resources */,
				04D71448D63FDB7F01BE34AD /* [CP] Embed Pods Frameworks */,
			);
			buildRules = (
			);
			dependencies = (
			);
			name = NetworkManager;
			productName = NetworkManager;
			productReference = D370641529A8A56300CC0F7F /* NetworkManager.app */;
			productType = "com.apple.product-type.application";
		};
/* End PBXNativeTarget section */

/* Begin PBXProject section */
		D370640D29A8A56300CC0F7F /* Project object */ = {
			isa = PBXProject;
			attributes = {
				BuildIndependentTargetsInParallel = 1;
				LastSwiftUpdateCheck = 1420;
				LastUpgradeCheck = 1420;
				TargetAttributes = {
					D370641429A8A56300CC0F7F = {
						CreatedOnToolsVersion = 14.2;
					};
				};
			};
			buildConfigurationList = D370641029A8A56300CC0F7F /* Build configuration list for PBXProject "NetworkManager" */;
			compatibilityVersion = "Xcode 10.0";
			developmentRegion = en;
			hasScannedForEncodings = 0;
			knownRegions = (
				en,
				Base,
			);
			mainGroup = D370640C29A8A56300CC0F7F;
			productRefGroup = D370641629A8A56300CC0F7F /* Products */;
			projectDirPath = "";
			projectRoot = "";
			targets = (
				D370641429A8A56300CC0F7F /* NetworkManager */,
			);
		};
/* End PBXProject section */

/* Begin PBXResourcesBuildPhase section */
		D370641329A8A56300CC0F7F /* Resources */ = {
			isa = PBXResourcesBuildPhase;
			buildActionMask = 2147483647;
			files = (
				D370642029A8A56500CC0F7F /* Preview Assets.xcassets in Resources */,
				D370641D29A8A56500CC0F7F /* Assets.xcassets in Resources */,
			);
			runOnlyForDeploymentPostprocessing = 0;
		};
/* End PBXResourcesBuildPhase section */

/* Begin PBXShellScriptBuildPhase section */
		04D71448D63FDB7F01BE34AD /* [CP] Embed Pods Frameworks */ = {
			isa = PBXShellScriptBuildPhase;
			buildActionMask = 2147483647;
			files = (
			);
			inputFileListPaths = (
				"${PODS_ROOT}/Target Support Files/Pods-NetworkManager/Pods-NetworkManager-frameworks-${CONFIGURATION}-input-files.xcfilelist",
			);
			name = "[CP] Embed Pods Frameworks";
			outputFileListPaths = (
				"${PODS_ROOT}/Target Support Files/Pods-NetworkManager/Pods-NetworkManager-frameworks-${CONFIGURATION}-output-files.xcfilelist",
			);
			runOnlyForDeploymentPostprocessing = 0;
			shellPath = /bin/sh;
			shellScript = "\"${PODS_ROOT}/Target Support Files/Pods-NetworkManager/Pods-NetworkManager-frameworks.sh\"\n";
			showEnvVarsInLog = 0;
		};
		8624FDF8ECFFAF8DCE5AFB64 /* [CP] Check Pods Manifest.lock */ = {
			isa = PBXShellScriptBuildPhase;
			buildActionMask = 2147483647;
			files = (
			);
			inputFileListPaths = (
			);
			inputPaths = (
				"${PODS_PODFILE_DIR_PATH}/Podfile.lock",
				"${PODS_ROOT}/Manifest.lock",
			);
			name = "[CP] Check Pods Manifest.lock";
			outputFileListPaths = (
			);
			outputPaths = (
				"$(DERIVED_FILE_DIR)/Pods-NetworkManager-checkManifestLockResult.txt",
			);
			runOnlyForDeploymentPostprocessing = 0;
			shellPath = /bin/sh;
			shellScript = "diff \"${PODS_PODFILE_DIR_PATH}/Podfile.lock\" \"${PODS_ROOT}/Manifest.lock\" > /dev/null\nif [ $? != 0 ] ; then\n    # print error to STDERR\n    echo \"error: The sandbox is not in sync with the Podfile.lock. Run 'pod install' or update your CocoaPods installation.\" >&2\n    exit 1\nfi\n# This output is used by Xcode 'outputs' to avoid re-running this script phase.\necho \"SUCCESS\" > \"${SCRIPT_OUTPUT_FILE_0}\"\n";
			showEnvVarsInLog = 0;
		};
/* End PBXShellScriptBuildPhase section */

/* Begin PBXSourcesBuildPhase section */
		D370641129A8A56300CC0F7F /* Sources */ = {
			isa = PBXSourcesBuildPhase;
			buildActionMask = 2147483647;
			files = (
				D370641B29A8A56300CC0F7F /* ContentView.swift in Sources */,
				D370642D29A8A59000CC0F7F /* NetworkResponse.swift in Sources */,
				D370642E29A8A59000CC0F7F /* NetworkManager.swift in Sources */,
				D370643129A8A8C200CC0F7F /* ContentViewModel.swift in Sources */,
				D370642F29A8A59000CC0F7F /* NetworkError.swift in Sources */,
				D370641929A8A56300CC0F7F /* NetworkManagerApp.swift in Sources */,
				D370643329A8A90C00CC0F7F /* HomeService.swift in Sources */,
				D370643529A8A94700CC0F7F /* UserInfo.swift in Sources */,
				D370642C29A8A59000CC0F7F /* JSONable.swift in Sources */,
			);
			runOnlyForDeploymentPostprocessing = 0;
		};
/* End PBXSourcesBuildPhase section */

/* Begin XCBuildConfiguration section */
		D370642129A8A56500CC0F7F /* Debug */ = {
			isa = XCBuildConfiguration;
			buildSettings = {
				ALWAYS_SEARCH_USER_PATHS = NO;
				CLANG_ANALYZER_NONNULL = YES;
				CLANG_ANALYZER_NUMBER_OBJECT_CONVERSION = YES_AGGRESSIVE;
				CLANG_CXX_LANGUAGE_STANDARD = "gnu++20";
				CLANG_ENABLE_MODULES = YES;
				CLANG_ENABLE_OBJC_ARC = YES;
				CLANG_ENABLE_OBJC_WEAK = YES;
				CLANG_WARN_BLOCK_CAPTURE_AUTORELEASING = YES;
				CLANG_WARN_BOOL_CONVERSION = YES;
				CLANG_WARN_COMMA = YES;
				CLANG_WARN_CONSTANT_CONVERSION = YES;
				CLANG_WARN_DEPRECATED_OBJC_IMPLEMENTATIONS = YES;
				CLANG_WARN_DIRECT_OBJC_ISA_USAGE = YES_ERROR;
				CLANG_WARN_DOCUMENTATION_COMMENTS = YES;
				CLANG_WARN_EMPTY_BODY = YES;
				CLANG_WARN_ENUM_CONVERSION = YES;
				CLANG_WARN_INFINITE_RECURSION = YES;
				CLANG_WARN_INT_CONVERSION = YES;
				CLANG_WARN_NON_LITERAL_NULL_CONVERSION = YES;
				CLANG_WARN_OBJC_IMPLICIT_RETAIN_SELF = YES;
				CLANG_WARN_OBJC_LITERAL_CONVERSION = YES;
				CLANG_WARN_OBJC_ROOT_CLASS = YES_ERROR;
				CLANG_WARN_QUOTED_INCLUDE_IN_FRAMEWORK_HEADER = YES;
				CLANG_WARN_RANGE_LOOP_ANALYSIS = YES;
				CLANG_WARN_STRICT_PROTOTYPES = YES;
				CLANG_WARN_SUSPICIOUS_MOVE = YES;
				CLANG_WARN_UNGUARDED_AVAILABILITY = YES_AGGRESSIVE;
				CLANG_WARN_UNREACHABLE_CODE = YES;
				CLANG_WARN__DUPLICATE_METHOD_MATCH = YES;
				COPY_PHASE_STRIP = NO;
				DEBUG_INFORMATION_FORMAT = dwarf;
				ENABLE_STRICT_OBJC_MSGSEND = YES;
				ENABLE_TESTABILITY = YES;
				GCC_C_LANGUAGE_STANDARD = gnu11;
				GCC_DYNAMIC_NO_PIC = NO;
				GCC_NO_COMMON_BLOCKS = YES;
				GCC_OPTIMIZATION_LEVEL = 0;
				GCC_PREPROCESSOR_DEFINITIONS = (
					"DEBUG=1",
					"$(inherited)",
				);
				GCC_WARN_64_TO_32_BIT_CONVERSION = YES;
				GCC_WARN_ABOUT_RETURN_TYPE = YES_ERROR;
				GCC_WARN_UNDECLARED_SELECTOR = YES;
				GCC_WARN_UNINITIALIZED_AUTOS = YES_AGGRESSIVE;
				GCC_WARN_UNUSED_FUNCTION = YES;
				GCC_WARN_UNUSED_VARIABLE = YES;
				IPHONEOS_DEPLOYMENT_TARGET = 16.2;
				MTL_ENABLE_DEBUG_INFO = INCLUDE_SOURCE;
				MTL_FAST_MATH = YES;
				ONLY_ACTIVE_ARCH = YES;
				SDKROOT = iphoneos;
				SWIFT_ACTIVE_COMPILATION_CONDITIONS = DEBUG;
				SWIFT_OPTIMIZATION_LEVEL = "-Onone";
			};
			name = Debug;
		};
		D370642229A8A56500CC0F7F /* Release */ = {
			isa = XCBuildConfiguration;
			buildSettings = {
				ALWAYS_SEARCH_USER_PATHS = NO;
				CLANG_ANALYZER_NONNULL = YES;
				CLANG_ANALYZER_NUMBER_OBJECT_CONVERSION = YES_AGGRESSIVE;
				CLANG_CXX_LANGUAGE_STANDARD = "gnu++20";
				CLANG_ENABLE_MODULES = YES;
				CLANG_ENABLE_OBJC_ARC = YES;
				CLANG_ENABLE_OBJC_WEAK = YES;
				CLANG_WARN_BLOCK_CAPTURE_AUTORELEASING = YES;
				CLANG_WARN_BOOL_CONVERSION = YES;
				CLANG_WARN_COMMA = YES;
				CLANG_WARN_CONSTANT_CONVERSION = YES;
				CLANG_WARN_DEPRECATED_OBJC_IMPLEMENTATIONS = YES;
				CLANG_WARN_DIRECT_OBJC_ISA_USAGE = YES_ERROR;
				CLANG_WARN_DOCUMENTATION_COMMENTS = YES;
				CLANG_WARN_EMPTY_BODY = YES;
				CLANG_WARN_ENUM_CONVERSION = YES;
				CLANG_WARN_INFINITE_RECURSION = YES;
				CLANG_WARN_INT_CONVERSION = YES;
				CLANG_WARN_NON_LITERAL_NULL_CONVERSION = YES;
				CLANG_WARN_OBJC_IMPLICIT_RETAIN_SELF = YES;
				CLANG_WARN_OBJC_LITERAL_CONVERSION = YES;
				CLANG_WARN_OBJC_ROOT_CLASS = YES_ERROR;
				CLANG_WARN_QUOTED_INCLUDE_IN_FRAMEWORK_HEADER = YES;
				CLANG_WARN_RANGE_LOOP_ANALYSIS = YES;
				CLANG_WARN_STRICT_PROTOTYPES = YES;
				CLANG_WARN_SUSPICIOUS_MOVE = YES;
				CLANG_WARN_UNGUARDED_AVAILABILITY = YES_AGGRESSIVE;
				CLANG_WARN_UNREACHABLE_CODE = YES;
				CLANG_WARN__DUPLICATE_METHOD_MATCH = YES;
				COPY_PHASE_STRIP = NO;
				DEBUG_INFORMATION_FORMAT = "dwarf-with-dsym";
				ENABLE_NS_ASSERTIONS = NO;
				ENABLE_STRICT_OBJC_MSGSEND = YES;
				GCC_C_LANGUAGE_STANDARD = gnu11;
				GCC_NO_COMMON_BLOCKS = YES;
				GCC_WARN_64_TO_32_BIT_CONVERSION = YES;
				GCC_WARN_ABOUT_RETURN_TYPE = YES_ERROR;
				GCC_WARN_UNDECLARED_SELECTOR = YES;
				GCC_WARN_UNINITIALIZED_AUTOS = YES_AGGRESSIVE;
				GCC_WARN_UNUSED_FUNCTION = YES;
				GCC_WARN_UNUSED_VARIABLE = YES;
				IPHONEOS_DEPLOYMENT_TARGET = 16.2;
				MTL_ENABLE_DEBUG_INFO = NO;
				MTL_FAST_MATH = YES;
				SDKROOT = iphoneos;
				SWIFT_COMPILATION_MODE = wholemodule;
				SWIFT_OPTIMIZATION_LEVEL = "-O";
				VALIDATE_PRODUCT = YES;
			};
			name = Release;
		};
		D370642429A8A56500CC0F7F /* Debug */ = {
			isa = XCBuildConfiguration;
			baseConfigurationReference = CD3600E9F008755EDA6D0B07 /* Pods-NetworkManager.debug.xcconfig */;
			buildSettings = {
				ASSETCATALOG_COMPILER_APPICON_NAME = AppIcon;
				ASSETCATALOG_COMPILER_GLOBAL_ACCENT_COLOR_NAME = AccentColor;
				CODE_SIGN_STYLE = Automatic;
				CURRENT_PROJECT_VERSION = 1;
				DEVELOPMENT_ASSET_PATHS = "\"NetworkManager/Preview Content\"";
				ENABLE_PREVIEWS = YES;
				GENERATE_INFOPLIST_FILE = YES;
				INFOPLIST_KEY_UIApplicationSceneManifest_Generation = YES;
				INFOPLIST_KEY_UIApplicationSupportsIndirectInputEvents = YES;
				INFOPLIST_KEY_UILaunchScreen_Generation = YES;
				INFOPLIST_KEY_UISupportedInterfaceOrientations_iPad = "UIInterfaceOrientationPortrait UIInterfaceOrientationPortraitUpsideDown UIInterfaceOrientationLandscapeLeft UIInterfaceOrientationLandscapeRight";
				INFOPLIST_KEY_UISupportedInterfaceOrientations_iPhone = "UIInterfaceOrientationPortrait UIInterfaceOrientationLandscapeLeft UIInterfaceOrientationLandscapeRight";
				LD_RUNPATH_SEARCH_PATHS = (
					"$(inherited)",
					"@executable_path/Frameworks",
				);
				MARKETING_VERSION = 1.0;
				PRODUCT_BUNDLE_IDENTIFIER = com.qihoo.NetworkManager;
				PRODUCT_NAME = "$(TARGET_NAME)";
				SWIFT_EMIT_LOC_STRINGS = YES;
				SWIFT_VERSION = 5.0;
				TARGETED_DEVICE_FAMILY = "1,2";
			};
			name = Debug;
		};
		D370642529A8A56500CC0F7F /* Release */ = {
			isa = XCBuildConfiguration;
			baseConfigurationReference = 01E968C92FF34C30F724B19E /* Pods-NetworkManager.release.xcconfig */;
			buildSettings = {
				ASSETCATALOG_COMPILER_APPICON_NAME = AppIcon;
				ASSETCATALOG_COMPILER_GLOBAL_ACCENT_COLOR_NAME = AccentColor;
				CODE_SIGN_STYLE = Automatic;
				CURRENT_PROJECT_VERSION = 1;
				DEVELOPMENT_ASSET_PATHS = "\"NetworkManager/Preview Content\"";
				ENABLE_PREVIEWS = YES;
				GENERATE_INFOPLIST_FILE = YES;
				INFOPLIST_KEY_UIApplicationSceneManifest_Generation = YES;
				INFOPLIST_KEY_UIApplicationSupportsIndirectInputEvents = YES;
				INFOPLIST_KEY_UILaunchScreen_Generation = YES;
				INFOPLIST_KEY_UISupportedInterfaceOrientations_iPad = "UIInterfaceOrientationPortrait UIInterfaceOrientationPortraitUpsideDown UIInterfaceOrientationLandscapeLeft UIInterfaceOrientationLandscapeRight";
				INFOPLIST_KEY_UISupportedInterfaceOrientations_iPhone = "UIInterfaceOrientationPortrait UIInterfaceOrientationLandscapeLeft UIInterfaceOrientationLandscapeRight";
				LD_RUNPATH_SEARCH_PATHS = (
					"$(inherited)",
					"@executable_path/Frameworks",
				);
				MARKETING_VERSION = 1.0;
				PRODUCT_BUNDLE_IDENTIFIER = com.qihoo.NetworkManager;
				PRODUCT_NAME = "$(TARGET_NAME)";
				SWIFT_EMIT_LOC_STRINGS = YES;
				SWIFT_VERSION = 5.0;
				TARGETED_DEVICE_FAMILY = "1,2";
			};
			name = Release;
		};
/* End XCBuildConfiguration section */

/* Begin XCConfigurationList section */
		D370641029A8A56300CC0F7F /* Build configuration list for PBXProject "NetworkManager" */ = {
			isa = XCConfigurationList;
			buildConfigurations = (
				D370642129A8A56500CC0F7F /* Debug */,
				D370642229A8A56500CC0F7F /* Release */,
			);
			defaultConfigurationIsVisible = 0;
			defaultConfigurationName = Release;
		};
		D370642329A8A56500CC0F7F /* Build configuration list for PBXNativeTarget "NetworkManager" */ = {
			isa = XCConfigurationList;
			buildConfigurations = (
				D370642429A8A56500CC0F7F /* Debug */,
				D370642529A8A56500CC0F7F /* Release */,
			);
			defaultConfigurationIsVisible = 0;
			defaultConfigurationName = Release;
		};
/* End XCConfigurationList section */
	};
	rootObject = D370640D29A8A56300CC0F7F /* Project object */;
}
